
Microsoft Visual Studio Solution File, Format Version 12.00
# Visual Studio Version 16
VisualStudioVersion = 16.0.33927.289
MinimumVisualStudioVersion = 10.0.40219.1
Project("{FAE04EC0-301F-11D3-BF4B-00C04F79EFBC}") = "Tyuiu.SugrovskiyNI.Sprint6.Task0.V28.Lib", "Tyuiu.SugrovskiyNI.Sprint6.Task0.V28.Lib\Tyuiu.SugrovskiyNI.Sprint6.Task0.V28.Lib.csproj", "{70D64ECE-2B05-44BD-8DCA-797C9DF350A4}"
EndProject
Project("{2150E333-8FDC-42A3-9474-1A3956D46DE8}") = "Task0", "Task0", "{5DE953BD-929C-445B-9C38-779CEF3E3658}"
EndProject
Project("{FAE04EC0-301F-11D3-BF4B-00C04F79EFBC}") = "Tyuiu.SugrovskiyNI.Sprint6.Task0.V28.Test", "Tyuiu.SugrovskiyNI.Sprint6.Task0.V28.Test\Tyuiu.SugrovskiyNI.Sprint6.Task0.V28.Test.csproj", "{DD403ED3-5B7C-485B-91DB-D5F91E64E652}"
EndProject
Project("{FAE04EC0-301F-11D3-BF4B-00C04F79EFBC}") = "Tyuiu.SugrovskiyNI.Sprint6.Task0.V28", "Tyuiu.SugrovskiyNI.Sprint6.Task0.V28\Tyuiu.SugrovskiyNI.Sprint6.Task0.V28.csproj", "{C7CB63EE-3F88-4C09-AE99-24F8D90381B1}"
EndProject
Project("{FAE04EC0-301F-11D3-BF4B-00C04F79EFBC}") = "Tyuiu.SugrovskiyNI.Sprint6.Task1.V8", "Tyuiu.SugrovskiyNI.Sprint6.Task1.V8\Tyuiu.SugrovskiyNI.Sprint6.Task1.V8.csproj", "{F2E7EB53-790F-4F5C-A49C-1C25DE14C561}"
EndProject
Project("{2150E333-8FDC-42A3-9474-1A3956D46DE8}") = "Task1", "Task1", "{B8C35D02-AE76-4842-9B92-2B3320FA62A2}"
EndProject
Project("{FAE04EC0-301F-11D3-BF4B-00C04F79EFBC}") = "Tyuiu.SugrovskiyNI.Sprint6.Task1.V8.Lib", "Tyuiu.SugrovskiyNI.Sprint6.Task1.V8.Lib\Tyuiu.SugrovskiyNI.Sprint6.Task1.V8.Lib.csproj", "{0C9FD96B-D791-41DE-911D-7B4DA1106356}"
EndProject
Project("{FAE04EC0-301F-11D3-BF4B-00C04F79EFBC}") = "Tyuiu.SugrovskiyNI.Sprint6.Task1.V8.Test", "Tyuiu.SugrovskiyNI.Sprint6.Task1.V8.Test\Tyuiu.SugrovskiyNI.Sprint6.Task1.V8.Test.csproj", "{40EA149C-8BF5-4B14-AC5C-442548E2D8F4}"
EndProject
Project("{2150E333-8FDC-42A3-9474-1A3956D46DE8}") = "Task2", "Task2", "{756A5647-009E-48B7-83A9-C1E51B0EFB6D}"
EndProject
Project("{FAE04EC0-301F-11D3-BF4B-00C04F79EFBC}") = "Tyuiu.SugrovskiyNI.Sprint6.Task2.V8", "Tyuiu.SugrovskiyNI.Sprint6.Task2.V8\Tyuiu.SugrovskiyNI.Sprint6.Task2.V8.csproj", "{7956EF3F-E66E-4894-9222-0AE7005E2548}"
EndProject
Project("{FAE04EC0-301F-11D3-BF4B-00C04F79EFBC}") = "Tyuiu.SugrovskiyNI.Sprint6.Task2.V8.Lib", "Tyuiu.SugrovskiyNI.Sprint6.Task2.V8.Lib\Tyuiu.SugrovskiyNI.Sprint6.Task2.V8.Lib.csproj", "{C53EF1A9-0940-43EC-BC2E-1D38F86C84CF}"
EndProject
Project("{FAE04EC0-301F-11D3-BF4B-00C04F79EFBC}") = "Tyuiu.SugrovskiyNI.Sprint6.Task2.V8.Test", "Tyuiu.SugrovskiyNI.Sprint6.Task2.V8.Test\Tyuiu.SugrovskiyNI.Sprint6.Task2.V8.Test.csproj", "{9BA5248D-0C87-4771-BC79-3288978DFD7C}"
EndProject
Project("{2150E333-8FDC-42A3-9474-1A3956D46DE8}") = "Task3", "Task3", "{77A9BE7B-DB26-4BFB-BCB0-229F897F8D8F}"
EndProject
Project("{FAE04EC0-301F-11D3-BF4B-00C04F79EFBC}") = "Tyuiu.SugrovskiyNI.Sprint6.Task3.V29", "Tyuiu.SugrovskiyNI.Sprint6.Task3.V29\Tyuiu.SugrovskiyNI.Sprint6.Task3.V29.csproj", "{27B9E672-A2D8-4748-A98C-E2DC3BF3E577}"
EndProject
Project("{FAE04EC0-301F-11D3-BF4B-00C04F79EFBC}") = "Tyuiu.SugrovskiyNI.Sprint6.Task3.V29.Lib", "Tyuiu.SugrovskiyNI.Sprint6.Task3.V29.Lib\Tyuiu.SugrovskiyNI.Sprint6.Task3.V29.Lib.csproj", "{BE1C2D0D-44C4-4595-A6C0-246B2E45673C}"
EndProject
Project("{FAE04EC0-301F-11D3-BF4B-00C04F79EFBC}") = "Tyuiu.SugrovskiyNI.Sprint6.Task3.V29.Test", "Tyuiu.SugrovskiyNI.Sprint6.Task3.V29.Test\Tyuiu.SugrovskiyNI.Sprint6.Task3.V29.Test.csproj", "{BE21A01E-6DA0-4CD4-83BC-9EAAA32A5D73}"
EndProject
Project("{FAE04EC0-301F-11D3-BF4B-00C04F79EFBC}") = "Tyuiu.SugrovskiyNI.Sprint6.Task4.V18", "Tyuiu.SugrovskiyNI.Sprint6.Task4.V18\Tyuiu.SugrovskiyNI.Sprint6.Task4.V18.csproj", "{DFBC28A5-EC0B-449C-ABB7-C085240BF5CA}"
EndProject
Project("{2150E333-8FDC-42A3-9474-1A3956D46DE8}") = "Task4", "Task4", "{60B8D8A8-8DB1-4FDF-B7DA-938527FB8EDB}"
EndProject
Project("{FAE04EC0-301F-11D3-BF4B-00C04F79EFBC}") = "Tyuiu.SugrovskiyNI.Sprint6.Task4.V18.Lib", "Tyuiu.SugrovskiyNI.Sprint6.Task4.V18.Lib\Tyuiu.SugrovskiyNI.Sprint6.Task4.V18.Lib.csproj", "{4497D10A-846B-4371-BF43-917052EDBDAF}"
EndProject
Project("{FAE04EC0-301F-11D3-BF4B-00C04F79EFBC}") = "Tyuiu.SugrovskiyNI.Sprint6.Task4.V18.Test", "Tyuiu.SugrovskiyNI.Sprint6.Task4.V18.Test\Tyuiu.SugrovskiyNI.Sprint6.Task4.V18.Test.csproj", "{0DC4674E-68DE-4C2D-B164-2C4534290604}"
EndProject
Project("{2150E333-8FDC-42A3-9474-1A3956D46DE8}") = "Task5", "Task5", "{4964ADD0-3D60-4948-B4A8-A87D3F1A7F65}"
EndProject
Project("{FAE04EC0-301F-11D3-BF4B-00C04F79EFBC}") = "Tyuiu.SugrovskiyNI.Sprint6.Task5.V21", "Tyuiu.SugrovskiyNI.Sprint6.Task5.V21\Tyuiu.SugrovskiyNI.Sprint6.Task5.V21.csproj", "{1AFDCF5A-19DC-4ECD-85C0-4103F7663FA0}"
EndProject
Project("{FAE04EC0-301F-11D3-BF4B-00C04F79EFBC}") = "Tyuiu.SugrovskiyNI.Sprint6.Task5.V21.Lib", "Tyuiu.SugrovskiyNI.Sprint6.Task5.V21.Lib\Tyuiu.SugrovskiyNI.Sprint6.Task5.V21.Lib.csproj", "{31FA93C6-C575-40F5-8BF3-56B75DBC48A4}"
EndProject
Project("{FAE04EC0-301F-11D3-BF4B-00C04F79EFBC}") = "Tyuiu.SugrovskiyNI.Sprint6.Task5.V21.Test", "Tyuiu.SugrovskiyNI.Sprint6.Task5.V21.Test\Tyuiu.SugrovskiyNI.Sprint6.Task5.V21.Test.csproj", "{AF945634-6F98-4DD4-9C13-9E584EEAD915}"
EndProject
Project("{2150E333-8FDC-42A3-9474-1A3956D46DE8}") = "Task6", "Task6", "{532549D7-202B-464C-B437-2DD5DC48C402}"
EndProject
Project("{FAE04EC0-301F-11D3-BF4B-00C04F79EFBC}") = "Tyuiu.SugrovskiyNI.Sprint6.Task6.V25", "Tyuiu.SugrovskiyNI.Sprint6.Task6.V25\Tyuiu.SugrovskiyNI.Sprint6.Task6.V25.csproj", "{F62AE8FF-3E56-4AF4-94CD-678A0A6B0DEF}"
EndProject
Project("{FAE04EC0-301F-11D3-BF4B-00C04F79EFBC}") = "Tyuiu.SugrovskiyNI.Sprint6.Task6.V25.Lib", "Tyuiu.SugrovskiyNI.Sprint6.Task6.V25.Lib\Tyuiu.SugrovskiyNI.Sprint6.Task6.V25.Lib.csproj", "{D5BA8AA2-2388-421F-986C-A7C2D6D12250}"
EndProject
Project("{FAE04EC0-301F-11D3-BF4B-00C04F79EFBC}") = "Tyuiu.SugrovskiyNI.Sprint6.Task6.V25.Test", "Tyuiu.SugrovskiyNI.Sprint6.Task6.V25.Test\Tyuiu.SugrovskiyNI.Sprint6.Task6.V25.Test.csproj", "{96065616-9F08-4AE5-AEA4-B22CA60E5B17}"
EndProject
Project("{2150E333-8FDC-42A3-9474-1A3956D46DE8}") = "Task7", "Task7", "{CFA2F3F4-7732-4A66-A9F9-D62BDFFD5DEF}"
EndProject
Project("{FAE04EC0-301F-11D3-BF4B-00C04F79EFBC}") = "Tyuiu.SugrovskiyNI.Sprint6.Task7.V28", "Tyuiu.SugrovskiyNI.Sprint6.Task7.V28\Tyuiu.SugrovskiyNI.Sprint6.Task7.V28.csproj", "{9BCE46DA-5F7B-4929-94D8-D104086AE0F8}"
EndProject
Project("{FAE04EC0-301F-11D3-BF4B-00C04F79EFBC}") = "Tyuiu.SugrovskiyNI.Sprint6.Task7.V28.Lib", "Tyuiu.SugrovskiyNI.Sprint6.Task7.V28.Lib\Tyuiu.SugrovskiyNI.Sprint6.Task7.V28.Lib.csproj", "{CA3C6141-4504-4A75-81FB-89F7A63A83B5}"
EndProject
Project("{FAE04EC0-301F-11D3-BF4B-00C04F79EFBC}") = "Tyuiu.SugrovskiyNI.Sprint6.Task7.V28.Test", "Tyuiu.SugrovskiyNI.Sprint6.Task7.V28.Test\Tyuiu.SugrovskiyNI.Sprint6.Task7.V28.Test.csproj", "{0F97CEFE-0349-4DBF-8CF5-F483B3B6CB6B}"
EndProject
Global
	GlobalSection(SolutionConfigurationPlatforms) = preSolution
		Debug|Any CPU = Debug|Any CPU
		Release|Any CPU = Release|Any CPU
	EndGlobalSection
	GlobalSection(ProjectConfigurationPlatforms) = postSolution
		{70D64ECE-2B05-44BD-8DCA-797C9DF350A4}.Debug|Any CPU.ActiveCfg = Debug|Any CPU
		{70D64ECE-2B05-44BD-8DCA-797C9DF350A4}.Debug|Any CPU.Build.0 = Debug|Any CPU
		{70D64ECE-2B05-44BD-8DCA-797C9DF350A4}.Release|Any CPU.ActiveCfg = Release|Any CPU
		{70D64ECE-2B05-44BD-8DCA-797C9DF350A4}.Release|Any CPU.Build.0 = Release|Any CPU
		{DD403ED3-5B7C-485B-91DB-D5F91E64E652}.Debug|Any CPU.ActiveCfg = Debug|Any CPU
		{DD403ED3-5B7C-485B-91DB-D5F91E64E652}.Debug|Any CPU.Build.0 = Debug|Any CPU
		{DD403ED3-5B7C-485B-91DB-D5F91E64E652}.Release|Any CPU.ActiveCfg = Release|Any CPU
		{DD403ED3-5B7C-485B-91DB-D5F91E64E652}.Release|Any CPU.Build.0 = Release|Any CPU
		{C7CB63EE-3F88-4C09-AE99-24F8D90381B1}.Debug|Any CPU.ActiveCfg = Debug|Any CPU
		{C7CB63EE-3F88-4C09-AE99-24F8D90381B1}.Debug|Any CPU.Build.0 = Debug|Any CPU
		{C7CB63EE-3F88-4C09-AE99-24F8D90381B1}.Release|Any CPU.ActiveCfg = Release|Any CPU
		{C7CB63EE-3F88-4C09-AE99-24F8D90381B1}.Release|Any CPU.Build.0 = Release|Any CPU
		{F2E7EB53-790F-4F5C-A49C-1C25DE14C561}.Debug|Any CPU.ActiveCfg = Debug|Any CPU
		{F2E7EB53-790F-4F5C-A49C-1C25DE14C561}.Debug|Any CPU.Build.0 = Debug|Any CPU
		{F2E7EB53-790F-4F5C-A49C-1C25DE14C561}.Release|Any CPU.ActiveCfg = Release|Any CPU
		{F2E7EB53-790F-4F5C-A49C-1C25DE14C561}.Release|Any CPU.Build.0 = Release|Any CPU
		{0C9FD96B-D791-41DE-911D-7B4DA1106356}.Debug|Any CPU.ActiveCfg = Debug|Any CPU
		{0C9FD96B-D791-41DE-911D-7B4DA1106356}.Debug|Any CPU.Build.0 = Debug|Any CPU
		{0C9FD96B-D791-41DE-911D-7B4DA1106356}.Release|Any CPU.ActiveCfg = Release|Any CPU
		{0C9FD96B-D791-41DE-911D-7B4DA1106356}.Release|Any CPU.Build.0 = Release|Any CPU
		{40EA149C-8BF5-4B14-AC5C-442548E2D8F4}.Debug|Any CPU.ActiveCfg = Debug|Any CPU
		{40EA149C-8BF5-4B14-AC5C-442548E2D8F4}.Debug|Any CPU.Build.0 = Debug|Any CPU
		{40EA149C-8BF5-4B14-AC5C-442548E2D8F4}.Release|Any CPU.ActiveCfg = Release|Any CPU
		{40EA149C-8BF5-4B14-AC5C-442548E2D8F4}.Release|Any CPU.Build.0 = Release|Any CPU
		{7956EF3F-E66E-4894-9222-0AE7005E2548}.Debug|Any CPU.ActiveCfg = Debug|Any CPU
		{7956EF3F-E66E-4894-9222-0AE7005E2548}.Debug|Any CPU.Build.0 = Debug|Any CPU
		{7956EF3F-E66E-4894-9222-0AE7005E2548}.Release|Any CPU.ActiveCfg = Release|Any CPU
		{7956EF3F-E66E-4894-9222-0AE7005E2548}.Release|Any CPU.Build.0 = Release|Any CPU
		{C53EF1A9-0940-43EC-BC2E-1D38F86C84CF}.Debug|Any CPU.ActiveCfg = Debug|Any CPU
		{C53EF1A9-0940-43EC-BC2E-1D38F86C84CF}.Debug|Any CPU.Build.0 = Debug|Any CPU
		{C53EF1A9-0940-43EC-BC2E-1D38F86C84CF}.Release|Any CPU.ActiveCfg = Release|Any CPU
		{C53EF1A9-0940-43EC-BC2E-1D38F86C84CF}.Release|Any CPU.Build.0 = Release|Any CPU
		{9BA5248D-0C87-4771-BC79-3288978DFD7C}.Debug|Any CPU.ActiveCfg = Debug|Any CPU
		{9BA5248D-0C87-4771-BC79-3288978DFD7C}.Debug|Any CPU.Build.0 = Debug|Any CPU
		{9BA5248D-0C87-4771-BC79-3288978DFD7C}.Release|Any CPU.ActiveCfg = Release|Any CPU
		{9BA5248D-0C87-4771-BC79-3288978DFD7C}.Release|Any CPU.Build.0 = Release|Any CPU
		{27B9E672-A2D8-4748-A98C-E2DC3BF3E577}.Debug|Any CPU.ActiveCfg = Debug|Any CPU
		{27B9E672-A2D8-4748-A98C-E2DC3BF3E577}.Debug|Any CPU.Build.0 = Debug|Any CPU
		{27B9E672-A2D8-4748-A98C-E2DC3BF3E577}.Release|Any CPU.ActiveCfg = Release|Any CPU
		{27B9E672-A2D8-4748-A98C-E2DC3BF3E577}.Release|Any CPU.Build.0 = Release|Any CPU
		{BE1C2D0D-44C4-4595-A6C0-246B2E45673C}.Debug|Any CPU.ActiveCfg = Debug|Any CPU
		{BE1C2D0D-44C4-4595-A6C0-246B2E45673C}.Debug|Any CPU.Build.0 = Debug|Any CPU
		{BE1C2D0D-44C4-4595-A6C0-246B2E45673C}.Release|Any CPU.ActiveCfg = Release|Any CPU
		{BE1C2D0D-44C4-4595-A6C0-246B2E45673C}.Release|Any CPU.Build.0 = Release|Any CPU
		{BE21A01E-6DA0-4CD4-83BC-9EAAA32A5D73}.Debug|Any CPU.ActiveCfg = Debug|Any CPU
		{BE21A01E-6DA0-4CD4-83BC-9EAAA32A5D73}.Debug|Any CPU.Build.0 = Debug|Any CPU
		{BE21A01E-6DA0-4CD4-83BC-9EAAA32A5D73}.Release|Any CPU.ActiveCfg = Release|Any CPU
		{BE21A01E-6DA0-4CD4-83BC-9EAAA32A5D73}.Release|Any CPU.Build.0 = Release|Any CPU
		{DFBC28A5-EC0B-449C-ABB7-C085240BF5CA}.Debug|Any CPU.ActiveCfg = Debug|Any CPU
		{DFBC28A5-EC0B-449C-ABB7-C085240BF5CA}.Debug|Any CPU.Build.0 = Debug|Any CPU
		{DFBC28A5-EC0B-449C-ABB7-C085240BF5CA}.Release|Any CPU.ActiveCfg = Release|Any CPU
		{DFBC28A5-EC0B-449C-ABB7-C085240BF5CA}.Release|Any CPU.Build.0 = Release|Any CPU
		{4497D10A-846B-4371-BF43-917052EDBDAF}.Debug|Any CPU.ActiveCfg = Debug|Any CPU
		{4497D10A-846B-4371-BF43-917052EDBDAF}.Debug|Any CPU.Build.0 = Debug|Any CPU
		{4497D10A-846B-4371-BF43-917052EDBDAF}.Release|Any CPU.ActiveCfg = Release|Any CPU
		{4497D10A-846B-4371-BF43-917052EDBDAF}.Release|Any CPU.Build.0 = Release|Any CPU
		{0DC4674E-68DE-4C2D-B164-2C4534290604}.Debug|Any CPU.ActiveCfg = Debug|Any CPU
		{0DC4674E-68DE-4C2D-B164-2C4534290604}.Debug|Any CPU.Build.0 = Debug|Any CPU
		{0DC4674E-68DE-4C2D-B164-2C4534290604}.Release|Any CPU.ActiveCfg = Release|Any CPU
		{0DC4674E-68DE-4C2D-B164-2C4534290604}.Release|Any CPU.Build.0 = Release|Any CPU
		{1AFDCF5A-19DC-4ECD-85C0-4103F7663FA0}.Debug|Any CPU.ActiveCfg = Debug|Any CPU
		{1AFDCF5A-19DC-4ECD-85C0-4103F7663FA0}.Debug|Any CPU.Build.0 = Debug|Any CPU
		{1AFDCF5A-19DC-4ECD-85C0-4103F7663FA0}.Release|Any CPU.ActiveCfg = Release|Any CPU
		{1AFDCF5A-19DC-4ECD-85C0-4103F7663FA0}.Release|Any CPU.Build.0 = Release|Any CPU
		{31FA93C6-C575-40F5-8BF3-56B75DBC48A4}.Debug|Any CPU.ActiveCfg = Debug|Any CPU
		{31FA93C6-C575-40F5-8BF3-56B75DBC48A4}.Debug|Any CPU.Build.0 = Debug|Any CPU
		{31FA93C6-C575-40F5-8BF3-56B75DBC48A4}.Release|Any CPU.ActiveCfg = Release|Any CPU
		{31FA93C6-C575-40F5-8BF3-56B75DBC48A4}.Release|Any CPU.Build.0 = Release|Any CPU
		{AF945634-6F98-4DD4-9C13-9E584EEAD915}.Debug|Any CPU.ActiveCfg = Debug|Any CPU
		{AF945634-6F98-4DD4-9C13-9E584EEAD915}.Debug|Any CPU.Build.0 = Debug|Any CPU
		{AF945634-6F98-4DD4-9C13-9E584EEAD915}.Release|Any CPU.ActiveCfg = Release|Any CPU
		{AF945634-6F98-4DD4-9C13-9E584EEAD915}.Release|Any CPU.Build.0 = Release|Any CPU
		{F62AE8FF-3E56-4AF4-94CD-678A0A6B0DEF}.Debug|Any CPU.ActiveCfg = Debug|Any CPU
		{F62AE8FF-3E56-4AF4-94CD-678A0A6B0DEF}.Debug|Any CPU.Build.0 = Debug|Any CPU
		{F62AE8FF-3E56-4AF4-94CD-678A0A6B0DEF}.Release|Any CPU.ActiveCfg = Release|Any CPU
		{F62AE8FF-3E56-4AF4-94CD-678A0A6B0DEF}.Release|Any CPU.Build.0 = Release|Any CPU
		{D5BA8AA2-2388-421F-986C-A7C2D6D12250}.Debug|Any CPU.ActiveCfg = Debug|Any CPU
		{D5BA8AA2-2388-421F-986C-A7C2D6D12250}.Debug|Any CPU.Build.0 = Debug|Any CPU
		{D5BA8AA2-2388-421F-986C-A7C2D6D12250}.Release|Any CPU.ActiveCfg = Release|Any CPU
		{D5BA8AA2-2388-421F-986C-A7C2D6D12250}.Release|Any CPU.Build.0 = Release|Any CPU
		{96065616-9F08-4AE5-AEA4-B22CA60E5B17}.Debug|Any CPU.ActiveCfg = Debug|Any CPU
		{96065616-9F08-4AE5-AEA4-B22CA60E5B17}.Debug|Any CPU.Build.0 = Debug|Any CPU
		{96065616-9F08-4AE5-AEA4-B22CA60E5B17}.Release|Any CPU.ActiveCfg = Release|Any CPU
		{96065616-9F08-4AE5-AEA4-B22CA60E5B17}.Release|Any CPU.Build.0 = Release|Any CPU
		{9BCE46DA-5F7B-4929-94D8-D104086AE0F8}.Debug|Any CPU.ActiveCfg = Debug|Any CPU
		{9BCE46DA-5F7B-4929-94D8-D104086AE0F8}.Debug|Any CPU.Build.0 = Debug|Any CPU
		{9BCE46DA-5F7B-4929-94D8-D104086AE0F8}.Release|Any CPU.ActiveCfg = Release|Any CPU
		{9BCE46DA-5F7B-4929-94D8-D104086AE0F8}.Release|Any CPU.Build.0 = Release|Any CPU
		{CA3C6141-4504-4A75-81FB-89F7A63A83B5}.Debug|Any CPU.ActiveCfg = Debug|Any CPU
		{CA3C6141-4504-4A75-81FB-89F7A63A83B5}.Debug|Any CPU.Build.0 = Debug|Any CPU
		{CA3C6141-4504-4A75-81FB-89F7A63A83B5}.Release|Any CPU.ActiveCfg = Release|Any CPU
		{CA3C6141-4504-4A75-81FB-89F7A63A83B5}.Release|Any CPU.Build.0 = Release|Any CPU
		{0F97CEFE-0349-4DBF-8CF5-F483B3B6CB6B}.Debug|Any CPU.ActiveCfg = Debug|Any CPU
		{0F97CEFE-0349-4DBF-8CF5-F483B3B6CB6B}.Debug|Any CPU.Build.0 = Debug|Any CPU
		{0F97CEFE-0349-4DBF-8CF5-F483B3B6CB6B}.Release|Any CPU.ActiveCfg = Release|Any CPU
		{0F97CEFE-0349-4DBF-8CF5-F483B3B6CB6B}.Release|Any CPU.Build.0 = Release|Any CPU
	EndGlobalSection
	GlobalSection(SolutionProperties) = preSolution
		HideSolutionNode = FALSE
	EndGlobalSection
	GlobalSection(NestedProjects) = preSolution
		{70D64ECE-2B05-44BD-8DCA-797C9DF350A4} = {5DE953BD-929C-445B-9C38-779CEF3E3658}
		{DD403ED3-5B7C-485B-91DB-D5F91E64E652} = {5DE953BD-929C-445B-9C38-779CEF3E3658}
		{C7CB63EE-3F88-4C09-AE99-24F8D90381B1} = {5DE953BD-929C-445B-9C38-779CEF3E3658}
		{F2E7EB53-790F-4F5C-A49C-1C25DE14C561} = {B8C35D02-AE76-4842-9B92-2B3320FA62A2}
		{0C9FD96B-D791-41DE-911D-7B4DA1106356} = {B8C35D02-AE76-4842-9B92-2B3320FA62A2}
		{40EA149C-8BF5-4B14-AC5C-442548E2D8F4} = {B8C35D02-AE76-4842-9B92-2B3320FA62A2}
		{7956EF3F-E66E-4894-9222-0AE7005E2548} = {756A5647-009E-48B7-83A9-C1E51B0EFB6D}
		{C53EF1A9-0940-43EC-BC2E-1D38F86C84CF} = {756A5647-009E-48B7-83A9-C1E51B0EFB6D}
		{9BA5248D-0C87-4771-BC79-3288978DFD7C} = {756A5647-009E-48B7-83A9-C1E51B0EFB6D}
		{27B9E672-A2D8-4748-A98C-E2DC3BF3E577} = {77A9BE7B-DB26-4BFB-BCB0-229F897F8D8F}
		{BE1C2D0D-44C4-4595-A6C0-246B2E45673C} = {77A9BE7B-DB26-4BFB-BCB0-229F897F8D8F}
		{BE21A01E-6DA0-4CD4-83BC-9EAAA32A5D73} = {77A9BE7B-DB26-4BFB-BCB0-229F897F8D8F}
		{DFBC28A5-EC0B-449C-ABB7-C085240BF5CA} = {60B8D8A8-8DB1-4FDF-B7DA-938527FB8EDB}
		{4497D10A-846B-4371-BF43-917052EDBDAF} = {60B8D8A8-8DB1-4FDF-B7DA-938527FB8EDB}
		{0DC4674E-68DE-4C2D-B164-2C4534290604} = {60B8D8A8-8DB1-4FDF-B7DA-938527FB8EDB}
		{1AFDCF5A-19DC-4ECD-85C0-4103F7663FA0} = {4964ADD0-3D60-4948-B4A8-A87D3F1A7F65}
		{31FA93C6-C575-40F5-8BF3-56B75DBC48A4} = {4964ADD0-3D60-4948-B4A8-A87D3F1A7F65}
		{AF945634-6F98-4DD4-9C13-9E584EEAD915} = {4964ADD0-3D60-4948-B4A8-A87D3F1A7F65}
		{F62AE8FF-3E56-4AF4-94CD-678A0A6B0DEF} = {532549D7-202B-464C-B437-2DD5DC48C402}
		{D5BA8AA2-2388-421F-986C-A7C2D6D12250} = {532549D7-202B-464C-B437-2DD5DC48C402}
		{96065616-9F08-4AE5-AEA4-B22CA60E5B17} = {532549D7-202B-464C-B437-2DD5DC48C402}
		{9BCE46DA-5F7B-4929-94D8-D104086AE0F8} = {CFA2F3F4-7732-4A66-A9F9-D62BDFFD5DEF}
		{CA3C6141-4504-4A75-81FB-89F7A63A83B5} = {CFA2F3F4-7732-4A66-A9F9-D62BDFFD5DEF}
		{0F97CEFE-0349-4DBF-8CF5-F483B3B6CB6B} = {CFA2F3F4-7732-4A66-A9F9-D62BDFFD5DEF}
	EndGlobalSection
	GlobalSection(ExtensibilityGlobals) = postSolution
		SolutionGuid = {EE35CCEA-2AA6-443A-8CAF-D0BE7FDDFC26}
	EndGlobalSection
EndGlobal
